
Microsoft Visual Studio Solution File, Format Version 12.00
# Visual Studio Version 17
VisualStudioVersion = 17.0.32014.148
MinimumVisualStudioVersion = 10.0.40219.1
Project("{2150E333-8FDC-42A3-9474-1A3956D46DE8}") = "src", "src", "{0FE3E76E-9728-41E5-99C0-8C15847D91AA}"
EndProject
Project("{2150E333-8FDC-42A3-9474-1A3956D46DE8}") = "test", "test", "{6BA54D8C-1A5C-49CE-8C81-058D22D8274A}"
EndProject
Project("{2150E333-8FDC-42A3-9474-1A3956D46DE8}") = "Api", "Api", "{0F288A91-7F52-4532-8047-A834CA924A7E}"
EndProject
Project("{2150E333-8FDC-42A3-9474-1A3956D46DE8}") = "Core", "Core", "{190EBC0F-FECF-41DD-BF7D-9A14838F82B6}"
EndProject
Project("{2150E333-8FDC-42A3-9474-1A3956D46DE8}") = "Infrastracture", "Infrastracture", "{AFE2C365-5306-4348-90CB-907A2F89E0D4}"
EndProject
Project("{2150E333-8FDC-42A3-9474-1A3956D46DE8}") = "Ui", "Ui", "{452EA02D-F9C3-4F19-ADDB-43EAB9B99826}"
EndProject
Project("{9A19103F-16F7-4668-BE54-9A1E7A4F7556}") = "CleanArchitecture.Domain", "CleanArchitecture.Domain\CleanArchitecture.Domain.csproj", "{F2519770-0406-4D3D-A9E0-35D3E70129D2}"
EndProject
Project("{9A19103F-16F7-4668-BE54-9A1E7A4F7556}") = "CleanArichitecture.Application", "CleanArichitecture\CleanArichitecture.Application.csproj", "{B8C3C5EA-F5C6-4AEF-A853-FD0C82CC2124}"
EndProject
Project("{9A19103F-16F7-4668-BE54-9A1E7A4F7556}") = "CleanArchitecture.Infrastructure", "CleanArchitecture.Infrastructure\CleanArchitecture.Infrastructure.csproj", "{B4B083CD-AC35-40E8-9F7D-6D86563F54E8}"
EndProject
Project("{9A19103F-16F7-4668-BE54-9A1E7A4F7556}") = "CleanArchitecture.Persistence", "CleanArchitecture.Persistence\CleanArchitecture.Persistence.csproj", "{E9C2884B-623B-45BC-8421-DDC3703FB5BE}"
EndProject
Project("{9A19103F-16F7-4668-BE54-9A1E7A4F7556}") = "ClearnArchitecture.Api", "ClearnArchitecture.Api\ClearnArchitecture.Api.csproj", "{E16A70F1-EE21-4C9F-97BA-77D55AFA40D5}"
EndProject
Project("{9A19103F-16F7-4668-BE54-9A1E7A4F7556}") = "CleanArchitecture.Application.Test", "CleanArchitecture.Application.Test\CleanArchitecture.Application.Test.csproj", "{57E832E5-5A90-4657-B4AE-200CFB839220}"
EndProject
Project("{9A19103F-16F7-4668-BE54-9A1E7A4F7556}") = "MVC3", "MVC3\MVC3.csproj", "{24296368-B8E3-41A0-BD9F-5D419614EE46}"
EndProject
Project("{FAE04EC0-301F-11D3-BF4B-00C04F79EFBC}") = "CleanArchitecture.Identity", "CleanArchitecture.Identity\CleanArchitecture.Identity.csproj", "{A0B72909-5E42-4F7E-9A6C-18F822744E0D}"
EndProject
Global
	GlobalSection(SolutionConfigurationPlatforms) = preSolution
		Debug|Any CPU = Debug|Any CPU
		Release|Any CPU = Release|Any CPU
	EndGlobalSection
	GlobalSection(ProjectConfigurationPlatforms) = postSolution
		{F2519770-0406-4D3D-A9E0-35D3E70129D2}.Debug|Any CPU.ActiveCfg = Debug|Any CPU
		{F2519770-0406-4D3D-A9E0-35D3E70129D2}.Debug|Any CPU.Build.0 = Debug|Any CPU
		{F2519770-0406-4D3D-A9E0-35D3E70129D2}.Release|Any CPU.ActiveCfg = Release|Any CPU
		{F2519770-0406-4D3D-A9E0-35D3E70129D2}.Release|Any CPU.Build.0 = Release|Any CPU
		{B8C3C5EA-F5C6-4AEF-A853-FD0C82CC2124}.Debug|Any CPU.ActiveCfg = Debug|Any CPU
		{B8C3C5EA-F5C6-4AEF-A853-FD0C82CC2124}.Debug|Any CPU.Build.0 = Debug|Any CPU
		{B8C3C5EA-F5C6-4AEF-A853-FD0C82CC2124}.Release|Any CPU.ActiveCfg = Release|Any CPU
		{B8C3C5EA-F5C6-4AEF-A853-FD0C82CC2124}.Release|Any CPU.Build.0 = Release|Any CPU
		{B4B083CD-AC35-40E8-9F7D-6D86563F54E8}.Debug|Any CPU.ActiveCfg = Debug|Any CPU
		{B4B083CD-AC35-40E8-9F7D-6D86563F54E8}.Debug|Any CPU.Build.0 = Debug|Any CPU
		{B4B083CD-AC35-40E8-9F7D-6D86563F54E8}.Release|Any CPU.ActiveCfg = Release|Any CPU
		{B4B083CD-AC35-40E8-9F7D-6D86563F54E8}.Release|Any CPU.Build.0 = Release|Any CPU
		{E9C2884B-623B-45BC-8421-DDC3703FB5BE}.Debug|Any CPU.ActiveCfg = Debug|Any CPU
		{E9C2884B-623B-45BC-8421-DDC3703FB5BE}.Debug|Any CPU.Build.0 = Debug|Any CPU
		{E9C2884B-623B-45BC-8421-DDC3703FB5BE}.Release|Any CPU.ActiveCfg = Release|Any CPU
		{E9C2884B-623B-45BC-8421-DDC3703FB5BE}.Release|Any CPU.Build.0 = Release|Any CPU
		{E16A70F1-EE21-4C9F-97BA-77D55AFA40D5}.Debug|Any CPU.ActiveCfg = Debug|Any CPU
		{E16A70F1-EE21-4C9F-97BA-77D55AFA40D5}.Debug|Any CPU.Build.0 = Debug|Any CPU
		{E16A70F1-EE21-4C9F-97BA-77D55AFA40D5}.Release|Any CPU.ActiveCfg = Release|Any CPU
		{E16A70F1-EE21-4C9F-97BA-77D55AFA40D5}.Release|Any CPU.Build.0 = Release|Any CPU
		{57E832E5-5A90-4657-B4AE-200CFB839220}.Debug|Any CPU.ActiveCfg = Debug|Any CPU
		{57E832E5-5A90-4657-B4AE-200CFB839220}.Debug|Any CPU.Build.0 = Debug|Any CPU
		{57E832E5-5A90-4657-B4AE-200CFB839220}.Release|Any CPU.ActiveCfg = Release|Any CPU
		{57E832E5-5A90-4657-B4AE-200CFB839220}.Release|Any CPU.Build.0 = Release|Any CPU
		{24296368-B8E3-41A0-BD9F-5D419614EE46}.Debug|Any CPU.ActiveCfg = Debug|Any CPU
		{24296368-B8E3-41A0-BD9F-5D419614EE46}.Debug|Any CPU.Build.0 = Debug|Any CPU
		{24296368-B8E3-41A0-BD9F-5D419614EE46}.Release|Any CPU.ActiveCfg = Release|Any CPU
		{24296368-B8E3-41A0-BD9F-5D419614EE46}.Release|Any CPU.Build.0 = Release|Any CPU
		{A0B72909-5E42-4F7E-9A6C-18F822744E0D}.Debug|Any CPU.ActiveCfg = Debug|Any CPU
		{A0B72909-5E42-4F7E-9A6C-18F822744E0D}.Debug|Any CPU.Build.0 = Debug|Any CPU
		{A0B72909-5E42-4F7E-9A6C-18F822744E0D}.Release|Any CPU.ActiveCfg = Release|Any CPU
		{A0B72909-5E42-4F7E-9A6C-18F822744E0D}.Release|Any CPU.Build.0 = Release|Any CPU
	EndGlobalSection
	GlobalSection(SolutionProperties) = preSolution
		HideSolutionNode = FALSE
	EndGlobalSection
	GlobalSection(NestedProjects) = preSolution
		{0F288A91-7F52-4532-8047-A834CA924A7E} = {0FE3E76E-9728-41E5-99C0-8C15847D91AA}
		{190EBC0F-FECF-41DD-BF7D-9A14838F82B6} = {0FE3E76E-9728-41E5-99C0-8C15847D91AA}
		{AFE2C365-5306-4348-90CB-907A2F89E0D4} = {0FE3E76E-9728-41E5-99C0-8C15847D91AA}
		{452EA02D-F9C3-4F19-ADDB-43EAB9B99826} = {0FE3E76E-9728-41E5-99C0-8C15847D91AA}
		{F2519770-0406-4D3D-A9E0-35D3E70129D2} = {190EBC0F-FECF-41DD-BF7D-9A14838F82B6}
		{B8C3C5EA-F5C6-4AEF-A853-FD0C82CC2124} = {190EBC0F-FECF-41DD-BF7D-9A14838F82B6}
		{B4B083CD-AC35-40E8-9F7D-6D86563F54E8} = {AFE2C365-5306-4348-90CB-907A2F89E0D4}
		{E9C2884B-623B-45BC-8421-DDC3703FB5BE} = {AFE2C365-5306-4348-90CB-907A2F89E0D4}
		{E16A70F1-EE21-4C9F-97BA-77D55AFA40D5} = {0F288A91-7F52-4532-8047-A834CA924A7E}
		{57E832E5-5A90-4657-B4AE-200CFB839220} = {6BA54D8C-1A5C-49CE-8C81-058D22D8274A}
		{24296368-B8E3-41A0-BD9F-5D419614EE46} = {452EA02D-F9C3-4F19-ADDB-43EAB9B99826}
		{A0B72909-5E42-4F7E-9A6C-18F822744E0D} = {AFE2C365-5306-4348-90CB-907A2F89E0D4}
	EndGlobalSection
	GlobalSection(ExtensibilityGlobals) = postSolution
		SolutionGuid = {8A769FBD-F31A-4D54-97B3-E53E6CE0BE5F}
	EndGlobalSection
EndGlobal
